// !$*UTF8*$!
{
	archiveVersion = 1;
	classes = {
	};
	objectVersion = 63;
	objects = {

/* Begin PBXBuildFile section */
		07286025853BE0BBFC83F454 /* Pods_ImageGalleryApp_ImageGalleryAppUITests.framework in Frameworks */ = {isa = PBXBuildFile; fileRef = E0F4CDBF20B062D2296E5911 /* Pods_ImageGalleryApp_ImageGalleryAppUITests.framework */; };
		365449EFD750D6AF88E0816C /* Pods_ImageGalleryApp.framework in Frameworks */ = {isa = PBXBuildFile; fileRef = 55274B7846007B12C66AC64B /* Pods_ImageGalleryApp.framework */; };
		43B7EB02DD8C3850D223CEBD /* Pods_ImageGalleryAppTests.framework in Frameworks */ = {isa = PBXBuildFile; fileRef = FAC9218E3C4AA2BBFDF43F3C /* Pods_ImageGalleryAppTests.framework */; };
		52E632452CC63CB5008CCD87 /* ImageModel.swift in Sources */ = {isa = PBXBuildFile; fileRef = 52E632302CC63CB5008CCD87 /* ImageModel.swift */; };
		52E632462CC63CB5008CCD87 /* NetworkManager.swift in Sources */ = {isa = PBXBuildFile; fileRef = 52E632322CC63CB5008CCD87 /* NetworkManager.swift */; };
		52E632472CC63CB5008CCD87 /* CustomButton.swift in Sources */ = {isa = PBXBuildFile; fileRef = 52E632342CC63CB5008CCD87 /* CustomButton.swift */; };
		52E632482CC63CB5008CCD87 /* CustomTextField.swift in Sources */ = {isa = PBXBuildFile; fileRef = 52E632352CC63CB5008CCD87 /* CustomTextField.swift */; };
		52E632492CC63CB5008CCD87 /* ImageCollectionViewCell.swift in Sources */ = {isa = PBXBuildFile; fileRef = 52E632362CC63CB5008CCD87 /* ImageCollectionViewCell.swift */; };
		52E6324A2CC63CB5008CCD87 /* ImageGalleryViewController.swift in Sources */ = {isa = PBXBuildFile; fileRef = 52E632372CC63CB5008CCD87 /* ImageGalleryViewController.swift */; };
		52E6324B2CC63CB5008CCD87 /* ImageGalleryViewModel.swift in Sources */ = {isa = PBXBuildFile; fileRef = 52E632392CC63CB5008CCD87 /* ImageGalleryViewModel.swift */; };
		52E6324C2CC63CB5008CCD87 /* AppDelegate.swift in Sources */ = {isa = PBXBuildFile; fileRef = 52E6323B2CC63CB5008CCD87 /* AppDelegate.swift */; };
		52E6324D2CC63CB5008CCD87 /* SceneDelegate.swift in Sources */ = {isa = PBXBuildFile; fileRef = 52E632422CC63CB5008CCD87 /* SceneDelegate.swift */; };
		52E6324E2CC63CB5008CCD87 /* ViewController.swift in Sources */ = {isa = PBXBuildFile; fileRef = 52E632432CC63CB5008CCD87 /* ViewController.swift */; };
		52E6324F2CC63CB5008CCD87 /* Assets.xcassets in Resources */ = {isa = PBXBuildFile; fileRef = 52E6323C2CC63CB5008CCD87 /* Assets.xcassets */; };
		52E632512CC63CB5008CCD87 /* LaunchScreen.storyboard in Resources */ = {isa = PBXBuildFile; fileRef = 52E6323F2CC63CB5008CCD87 /* LaunchScreen.storyboard */; };
		52E632522CC63CB5008CCD87 /* Main.storyboard in Resources */ = {isa = PBXBuildFile; fileRef = 52E632412CC63CB5008CCD87 /* Main.storyboard */; };
/* End PBXBuildFile section */

/* Begin PBXContainerItemProxy section */
		52E631D92CC628A8008CCD87 /* PBXContainerItemProxy */ = {
			isa = PBXContainerItemProxy;
			containerPortal = 52E631BA2CC628A5008CCD87 /* Project object */;
			proxyType = 1;
			remoteGlobalIDString = 52E631C12CC628A5008CCD87;
			remoteInfo = ImageGalleryApp;
		};
		52E631E32CC628A8008CCD87 /* PBXContainerItemProxy */ = {
			isa = PBXContainerItemProxy;
			containerPortal = 52E631BA2CC628A5008CCD87 /* Project object */;
			proxyType = 1;
			remoteGlobalIDString = 52E631C12CC628A5008CCD87;
			remoteInfo = ImageGalleryApp;
		};
/* End PBXContainerItemProxy section */

/* Begin PBXFileReference section */
		18D8EEF6072538F2D108E29A /* Pods-ImageGalleryApp-ImageGalleryAppUITests.debug.xcconfig */ = {isa = PBXFileReference; includeInIndex = 1; lastKnownFileType = text.xcconfig; name = "Pods-ImageGalleryApp-ImageGalleryAppUITests.debug.xcconfig"; path = "Target Support Files/Pods-ImageGalleryApp-ImageGalleryAppUITests/Pods-ImageGalleryApp-ImageGalleryAppUITests.debug.xcconfig"; sourceTree = "<group>"; };
		200184D285942DEF59D81D48 /* Pods-ImageGalleryAppTests.release.xcconfig */ = {isa = PBXFileReference; includeInIndex = 1; lastKnownFileType = text.xcconfig; name = "Pods-ImageGalleryAppTests.release.xcconfig"; path = "Target Support Files/Pods-ImageGalleryAppTests/Pods-ImageGalleryAppTests.release.xcconfig"; sourceTree = "<group>"; };
		5219C5BD2CC66E280064DAAE /* NetworkManagerTests.swift */ = {isa = PBXFileReference; lastKnownFileType = sourcecode.swift; path = NetworkManagerTests.swift; sourceTree = "<group>"; };
		52E631C22CC628A5008CCD87 /* ImageGalleryApp.app */ = {isa = PBXFileReference; explicitFileType = wrapper.application; includeInIndex = 0; path = ImageGalleryApp.app; sourceTree = BUILT_PRODUCTS_DIR; };
		52E631D82CC628A8008CCD87 /* ImageGalleryAppTests.xctest */ = {isa = PBXFileReference; explicitFileType = wrapper.cfbundle; includeInIndex = 0; path = ImageGalleryAppTests.xctest; sourceTree = BUILT_PRODUCTS_DIR; };
		52E631E22CC628A8008CCD87 /* ImageGalleryAppUITests.xctest */ = {isa = PBXFileReference; explicitFileType = wrapper.cfbundle; includeInIndex = 0; path = ImageGalleryAppUITests.xctest; sourceTree = BUILT_PRODUCTS_DIR; };
		52E632302CC63CB5008CCD87 /* ImageModel.swift */ = {isa = PBXFileReference; lastKnownFileType = sourcecode.swift; path = ImageModel.swift; sourceTree = "<group>"; };
		52E632322CC63CB5008CCD87 /* NetworkManager.swift */ = {isa = PBXFileReference; lastKnownFileType = sourcecode.swift; path = NetworkManager.swift; sourceTree = "<group>"; };
		52E632342CC63CB5008CCD87 /* CustomButton.swift */ = {isa = PBXFileReference; lastKnownFileType = sourcecode.swift; path = CustomButton.swift; sourceTree = "<group>"; };
		52E632352CC63CB5008CCD87 /* CustomTextField.swift */ = {isa = PBXFileReference; lastKnownFileType = sourcecode.swift; path = CustomTextField.swift; sourceTree = "<group>"; };
		52E632362CC63CB5008CCD87 /* ImageCollectionViewCell.swift */ = {isa = PBXFileReference; lastKnownFileType = sourcecode.swift; path = ImageCollectionViewCell.swift; sourceTree = "<group>"; };
		52E632372CC63CB5008CCD87 /* ImageGalleryViewController.swift */ = {isa = PBXFileReference; lastKnownFileType = sourcecode.swift; path = ImageGalleryViewController.swift; sourceTree = "<group>"; };
		52E632392CC63CB5008CCD87 /* ImageGalleryViewModel.swift */ = {isa = PBXFileReference; lastKnownFileType = sourcecode.swift; path = ImageGalleryViewModel.swift; sourceTree = "<group>"; };
		52E6323B2CC63CB5008CCD87 /* AppDelegate.swift */ = {isa = PBXFileReference; lastKnownFileType = sourcecode.swift; path = AppDelegate.swift; sourceTree = "<group>"; };
		52E6323C2CC63CB5008CCD87 /* Assets.xcassets */ = {isa = PBXFileReference; lastKnownFileType = folder.assetcatalog; path = Assets.xcassets; sourceTree = "<group>"; };
		52E6323D2CC63CB5008CCD87 /* Info.plist */ = {isa = PBXFileReference; lastKnownFileType = text.plist.xml; path = Info.plist; sourceTree = "<group>"; };
		52E6323E2CC63CB5008CCD87 /* Base */ = {isa = PBXFileReference; lastKnownFileType = file.storyboard; name = Base; path = Base.lproj/LaunchScreen.storyboard; sourceTree = "<group>"; };
		52E632402CC63CB5008CCD87 /* Base */ = {isa = PBXFileReference; lastKnownFileType = file.storyboard; name = Base; path = Base.lproj/Main.storyboard; sourceTree = "<group>"; };
		52E632422CC63CB5008CCD87 /* SceneDelegate.swift */ = {isa = PBXFileReference; lastKnownFileType = sourcecode.swift; path = SceneDelegate.swift; sourceTree = "<group>"; };
		52E632432CC63CB5008CCD87 /* ViewController.swift */ = {isa = PBXFileReference; lastKnownFileType = sourcecode.swift; path = ViewController.swift; sourceTree = "<group>"; };
		55274B7846007B12C66AC64B /* Pods_ImageGalleryApp.framework */ = {isa = PBXFileReference; explicitFileType = wrapper.framework; includeInIndex = 0; path = Pods_ImageGalleryApp.framework; sourceTree = BUILT_PRODUCTS_DIR; };
		8EB8DBED88CB83FFCE61A2B3 /* Pods-ImageGalleryApp-ImageGalleryAppUITests.release.xcconfig */ = {isa = PBXFileReference; includeInIndex = 1; lastKnownFileType = text.xcconfig; name = "Pods-ImageGalleryApp-ImageGalleryAppUITests.release.xcconfig"; path = "Target Support Files/Pods-ImageGalleryApp-ImageGalleryAppUITests/Pods-ImageGalleryApp-ImageGalleryAppUITests.release.xcconfig"; sourceTree = "<group>"; };
		9C33964CB862341D1CBD950A /* Pods-ImageGalleryApp.debug.xcconfig */ = {isa = PBXFileReference; includeInIndex = 1; lastKnownFileType = text.xcconfig; name = "Pods-ImageGalleryApp.debug.xcconfig"; path = "Target Support Files/Pods-ImageGalleryApp/Pods-ImageGalleryApp.debug.xcconfig"; sourceTree = "<group>"; };
		D1C081E575587BA085C15B7E /* Pods-ImageGalleryAppTests.debug.xcconfig */ = {isa = PBXFileReference; includeInIndex = 1; lastKnownFileType = text.xcconfig; name = "Pods-ImageGalleryAppTests.debug.xcconfig"; path = "Target Support Files/Pods-ImageGalleryAppTests/Pods-ImageGalleryAppTests.debug.xcconfig"; sourceTree = "<group>"; };
		E0F4CDBF20B062D2296E5911 /* Pods_ImageGalleryApp_ImageGalleryAppUITests.framework */ = {isa = PBXFileReference; explicitFileType = wrapper.framework; includeInIndex = 0; path = Pods_ImageGalleryApp_ImageGalleryAppUITests.framework; sourceTree = BUILT_PRODUCTS_DIR; };
		F594670F5C4284D5402394FC /* Pods-ImageGalleryApp.release.xcconfig */ = {isa = PBXFileReference; includeInIndex = 1; lastKnownFileType = text.xcconfig; name = "Pods-ImageGalleryApp.release.xcconfig"; path = "Target Support Files/Pods-ImageGalleryApp/Pods-ImageGalleryApp.release.xcconfig"; sourceTree = "<group>"; };
		FAC9218E3C4AA2BBFDF43F3C /* Pods_ImageGalleryAppTests.framework */ = {isa = PBXFileReference; explicitFileType = wrapper.framework; includeInIndex = 0; path = Pods_ImageGalleryAppTests.framework; sourceTree = BUILT_PRODUCTS_DIR; };
/* End PBXFileReference section */

/* Begin PBXFrameworksBuildPhase section */
		52E631BF2CC628A5008CCD87 /* Frameworks */ = {
			isa = PBXFrameworksBuildPhase;
			buildActionMask = 2147483647;
			files = (
				365449EFD750D6AF88E0816C /* Pods_ImageGalleryApp.framework in Frameworks */,
			);
			runOnlyForDeploymentPostprocessing = 0;
		};
		52E631D52CC628A8008CCD87 /* Frameworks */ = {
			isa = PBXFrameworksBuildPhase;
			buildActionMask = 2147483647;
			files = (
				43B7EB02DD8C3850D223CEBD /* Pods_ImageGalleryAppTests.framework in Frameworks */,
			);
			runOnlyForDeploymentPostprocessing = 0;
		};
		52E631DF2CC628A8008CCD87 /* Frameworks */ = {
			isa = PBXFrameworksBuildPhase;
			buildActionMask = 2147483647;
			files = (
				07286025853BE0BBFC83F454 /* Pods_ImageGalleryApp_ImageGalleryAppUITests.framework in Frameworks */,
			);
			runOnlyForDeploymentPostprocessing = 0;
		};
/* End PBXFrameworksBuildPhase section */

/* Begin PBXGroup section */
		52E631B92CC628A5008CCD87 = {
			isa = PBXGroup;
			children = (
				52E632442CC63CB5008CCD87 /* ImageGalleryApp */,
				52E631DB2CC628A8008CCD87 /* ImageGalleryAppTests */,
				52E631E52CC628A8008CCD87 /* ImageGalleryAppUITests */,
				52E631C32CC628A5008CCD87 /* Products */,
				AA4F6750470537992EC985A0 /* Pods */,
				7B98654775DEE934B773B58A /* Frameworks */,
			);
			sourceTree = "<group>";
		};
		52E631C32CC628A5008CCD87 /* Products */ = {
			isa = PBXGroup;
			children = (
				52E631C22CC628A5008CCD87 /* ImageGalleryApp.app */,
				52E631D82CC628A8008CCD87 /* ImageGalleryAppTests.xctest */,
				52E631E22CC628A8008CCD87 /* ImageGalleryAppUITests.xctest */,
			);
			name = Products;
			sourceTree = "<group>";
		};
		52E631DB2CC628A8008CCD87 /* ImageGalleryAppTests */ = {
			isa = PBXGroup;
			children = (
				5219C5BD2CC66E280064DAAE /* NetworkManagerTests.swift */,
			);
			path = ImageGalleryAppTests;
			sourceTree = "<group>";
		};
		52E631E52CC628A8008CCD87 /* ImageGalleryAppUITests */ = {
			isa = PBXGroup;
			children = (
			);
			path = ImageGalleryAppUITests;
			sourceTree = "<group>";
		};
		52E632312CC63CB5008CCD87 /* Model */ = {
			isa = PBXGroup;
			children = (
				52E632302CC63CB5008CCD87 /* ImageModel.swift */,
			);
			path = Model;
			sourceTree = "<group>";
		};
		52E632332CC63CB5008CCD87 /* Utils */ = {
			isa = PBXGroup;
			children = (
				52E632322CC63CB5008CCD87 /* NetworkManager.swift */,
			);
			path = Utils;
			sourceTree = "<group>";
		};
		52E632382CC63CB5008CCD87 /* View */ = {
			isa = PBXGroup;
			children = (
				52E632342CC63CB5008CCD87 /* CustomButton.swift */,
				52E632352CC63CB5008CCD87 /* CustomTextField.swift */,
				52E632362CC63CB5008CCD87 /* ImageCollectionViewCell.swift */,
				52E632372CC63CB5008CCD87 /* ImageGalleryViewController.swift */,
			);
			path = View;
			sourceTree = "<group>";
		};
		52E6323A2CC63CB5008CCD87 /* ViewModel */ = {
			isa = PBXGroup;
			children = (
				52E632392CC63CB5008CCD87 /* ImageGalleryViewModel.swift */,
			);
			path = ViewModel;
			sourceTree = "<group>";
		};
		52E632442CC63CB5008CCD87 /* ImageGalleryApp */ = {
			isa = PBXGroup;
			children = (
				52E632312CC63CB5008CCD87 /* Model */,
				52E632332CC63CB5008CCD87 /* Utils */,
				52E632382CC63CB5008CCD87 /* View */,
				52E6323A2CC63CB5008CCD87 /* ViewModel */,
				52E6323B2CC63CB5008CCD87 /* AppDelegate.swift */,
				52E6323C2CC63CB5008CCD87 /* Assets.xcassets */,
				52E6323D2CC63CB5008CCD87 /* Info.plist */,
				52E6323F2CC63CB5008CCD87 /* LaunchScreen.storyboard */,
				52E632412CC63CB5008CCD87 /* Main.storyboard */,
				52E632422CC63CB5008CCD87 /* SceneDelegate.swift */,
				52E632432CC63CB5008CCD87 /* ViewController.swift */,
			);
			path = ImageGalleryApp;
			sourceTree = "<group>";
		};
		7B98654775DEE934B773B58A /* Frameworks */ = {
			isa = PBXGroup;
			children = (
				55274B7846007B12C66AC64B /* Pods_ImageGalleryApp.framework */,
				E0F4CDBF20B062D2296E5911 /* Pods_ImageGalleryApp_ImageGalleryAppUITests.framework */,
				FAC9218E3C4AA2BBFDF43F3C /* Pods_ImageGalleryAppTests.framework */,
			);
			name = Frameworks;
			sourceTree = "<group>";
		};
		AA4F6750470537992EC985A0 /* Pods */ = {
			isa = PBXGroup;
			children = (
				9C33964CB862341D1CBD950A /* Pods-ImageGalleryApp.debug.xcconfig */,
				F594670F5C4284D5402394FC /* Pods-ImageGalleryApp.release.xcconfig */,
				18D8EEF6072538F2D108E29A /* Pods-ImageGalleryApp-ImageGalleryAppUITests.debug.xcconfig */,
				8EB8DBED88CB83FFCE61A2B3 /* Pods-ImageGalleryApp-ImageGalleryAppUITests.release.xcconfig */,
				D1C081E575587BA085C15B7E /* Pods-ImageGalleryAppTests.debug.xcconfig */,
				200184D285942DEF59D81D48 /* Pods-ImageGalleryAppTests.release.xcconfig */,
			);
			path = Pods;
			sourceTree = "<group>";
		};
/* End PBXGroup section */

/* Begin PBXNativeTarget section */
		52E631C12CC628A5008CCD87 /* ImageGalleryApp */ = {
			isa = PBXNativeTarget;
			buildConfigurationList = 52E631EB2CC628A8008CCD87 /* Build configuration list for PBXNativeTarget "ImageGalleryApp" */;
			buildPhases = (
				ED520B9AB3CEE2A75B5B0E10 /* [CP] Check Pods Manifest.lock */,
				52E631BE2CC628A5008CCD87 /* Sources */,
				52E631BF2CC628A5008CCD87 /* Frameworks */,
				52E631C02CC628A5008CCD87 /* Resources */,
				A81F4B13D67BC49CC8945B99 /* [CP] Embed Pods Frameworks */,
			);
			buildRules = (
			);
			dependencies = (
			);
			name = ImageGalleryApp;
			productName = ImageGalleryApp;
			productReference = 52E631C22CC628A5008CCD87 /* ImageGalleryApp.app */;
			productType = "com.apple.product-type.application";
		};
		52E631D72CC628A8008CCD87 /* ImageGalleryAppTests */ = {
			isa = PBXNativeTarget;
			buildConfigurationList = 52E631F02CC628A8008CCD87 /* Build configuration list for PBXNativeTarget "ImageGalleryAppTests" */;
			buildPhases = (
				B189C2B6D5CCF238936A9E1D /* [CP] Check Pods Manifest.lock */,
				52E631D42CC628A8008CCD87 /* Sources */,
				52E631D52CC628A8008CCD87 /* Frameworks */,
				52E631D62CC628A8008CCD87 /* Resources */,
				DC3E2238A3A5D28506FF9CAF /* [CP] Embed Pods Frameworks */,
			);
			buildRules = (
			);
			dependencies = (
				52E631DA2CC628A8008CCD87 /* PBXTargetDependency */,
			);
			name = ImageGalleryAppTests;
			productName = ImageGalleryAppTests;
			productReference = 52E631D82CC628A8008CCD87 /* ImageGalleryAppTests.xctest */;
			productType = "com.apple.product-type.bundle.unit-test";
		};
		52E631E12CC628A8008CCD87 /* ImageGalleryAppUITests */ = {
			isa = PBXNativeTarget;
			buildConfigurationList = 52E631F32CC628A8008CCD87 /* Build configuration list for PBXNativeTarget "ImageGalleryAppUITests" */;
			buildPhases = (
				FCD609AB97AA829AA013EDA5 /* [CP] Check Pods Manifest.lock */,
				52E631DE2CC628A8008CCD87 /* Sources */,
				52E631DF2CC628A8008CCD87 /* Frameworks */,
				52E631E02CC628A8008CCD87 /* Resources */,
				35A47A93E369FEC23ADBCC60 /* [CP] Embed Pods Frameworks */,
			);
			buildRules = (
			);
			dependencies = (
				52E631E42CC628A8008CCD87 /* PBXTargetDependency */,
			);
			name = ImageGalleryAppUITests;
			productName = ImageGalleryAppUITests;
			productReference = 52E631E22CC628A8008CCD87 /* ImageGalleryAppUITests.xctest */;
			productType = "com.apple.product-type.bundle.ui-testing";
		};
/* End PBXNativeTarget section */

/* Begin PBXProject section */
		52E631BA2CC628A5008CCD87 /* Project object */ = {
			isa = PBXProject;
			attributes = {
				BuildIndependentTargetsInParallel = 1;
				LastSwiftUpdateCheck = 1600;
				LastUpgradeCheck = 1600;
				TargetAttributes = {
					52E631C12CC628A5008CCD87 = {
						CreatedOnToolsVersion = 16.0;
					};
					52E631D72CC628A8008CCD87 = {
						CreatedOnToolsVersion = 16.0;
						TestTargetID = 52E631C12CC628A5008CCD87;
					};
					52E631E12CC628A8008CCD87 = {
						CreatedOnToolsVersion = 16.0;
						TestTargetID = 52E631C12CC628A5008CCD87;
					};
				};
			};
			buildConfigurationList = 52E631BD2CC628A5008CCD87 /* Build configuration list for PBXProject "ImageGalleryApp" */;
			compatibilityVersion = "Xcode 14.0";
			developmentRegion = en;
			hasScannedForEncodings = 0;
			knownRegions = (
				en,
				Base,
			);
			mainGroup = 52E631B92CC628A5008CCD87;
			minimizedProjectReferenceProxies = 1;
			productRefGroup = 52E631C32CC628A5008CCD87 /* Products */;
			projectDirPath = "";
			projectRoot = "";
			targets = (
				52E631C12CC628A5008CCD87 /* ImageGalleryApp */,
				52E631D72CC628A8008CCD87 /* ImageGalleryAppTests */,
				52E631E12CC628A8008CCD87 /* ImageGalleryAppUITests */,
			);
		};
/* End PBXProject section */

/* Begin PBXResourcesBuildPhase section */
		52E631C02CC628A5008CCD87 /* Resources */ = {
			isa = PBXResourcesBuildPhase;
			buildActionMask = 2147483647;
			files = (
				52E6324F2CC63CB5008CCD87 /* Assets.xcassets in Resources */,
				52E632512CC63CB5008CCD87 /* LaunchScreen.storyboard in Resources */,
				52E632522CC63CB5008CCD87 /* Main.storyboard in Resources */,
			);
			runOnlyForDeploymentPostprocessing = 0;
		};
		52E631D62CC628A8008CCD87 /* Resources */ = {
			isa = PBXResourcesBuildPhase;
			buildActionMask = 2147483647;
			files = (
			);
			runOnlyForDeploymentPostprocessing = 0;
		};
		52E631E02CC628A8008CCD87 /* Resources */ = {
			isa = PBXResourcesBuildPhase;
			buildActionMask = 2147483647;
			files = (
			);
			runOnlyForDeploymentPostprocessing = 0;
		};
/* End PBXResourcesBuildPhase section */

/* Begin PBXShellScriptBuildPhase section */
		35A47A93E369FEC23ADBCC60 /* [CP] Embed Pods Frameworks */ = {
			isa = PBXShellScriptBuildPhase;
			buildActionMask = 2147483647;
			files = (
			);
			inputFileListPaths = (
				"${PODS_ROOT}/Target Support Files/Pods-ImageGalleryApp-ImageGalleryAppUITests/Pods-ImageGalleryApp-ImageGalleryAppUITests-frameworks-${CONFIGURATION}-input-files.xcfilelist",
			);
			name = "[CP] Embed Pods Frameworks";
			outputFileListPaths = (
				"${PODS_ROOT}/Target Support Files/Pods-ImageGalleryApp-ImageGalleryAppUITests/Pods-ImageGalleryApp-ImageGalleryAppUITests-frameworks-${CONFIGURATION}-output-files.xcfilelist",
			);
			runOnlyForDeploymentPostprocessing = 0;
			shellPath = /bin/sh;
			shellScript = "\"${PODS_ROOT}/Target Support Files/Pods-ImageGalleryApp-ImageGalleryAppUITests/Pods-ImageGalleryApp-ImageGalleryAppUITests-frameworks.sh\"\n";
			showEnvVarsInLog = 0;
		};
		A81F4B13D67BC49CC8945B99 /* [CP] Embed Pods Frameworks */ = {
			isa = PBXShellScriptBuildPhase;
			buildActionMask = 2147483647;
			files = (
			);
			inputFileListPaths = (
				"${PODS_ROOT}/Target Support Files/Pods-ImageGalleryApp/Pods-ImageGalleryApp-frameworks-${CONFIGURATION}-input-files.xcfilelist",
			);
			name = "[CP] Embed Pods Frameworks";
			outputFileListPaths = (
				"${PODS_ROOT}/Target Support Files/Pods-ImageGalleryApp/Pods-ImageGalleryApp-frameworks-${CONFIGURATION}-output-files.xcfilelist",
			);
			runOnlyForDeploymentPostprocessing = 0;
			shellPath = /bin/sh;
			shellScript = "\"${PODS_ROOT}/Target Support Files/Pods-ImageGalleryApp/Pods-ImageGalleryApp-frameworks.sh\"\n";
			showEnvVarsInLog = 0;
		};
		B189C2B6D5CCF238936A9E1D /* [CP] Check Pods Manifest.lock */ = {
			isa = PBXShellScriptBuildPhase;
			buildActionMask = 2147483647;
			files = (
			);
			inputFileListPaths = (
			);
			inputPaths = (
				"${PODS_PODFILE_DIR_PATH}/Podfile.lock",
				"${PODS_ROOT}/Manifest.lock",
			);
			name = "[CP] Check Pods Manifest.lock";
			outputFileListPaths = (
			);
			outputPaths = (
				"$(DERIVED_FILE_DIR)/Pods-ImageGalleryAppTests-checkManifestLockResult.txt",
			);
			runOnlyForDeploymentPostprocessing = 0;
			shellPath = /bin/sh;
			shellScript = "diff \"${PODS_PODFILE_DIR_PATH}/Podfile.lock\" \"${PODS_ROOT}/Manifest.lock\" > /dev/null\nif [ $? != 0 ] ; then\n    # print error to STDERR\n    echo \"error: The sandbox is not in sync with the Podfile.lock. Run 'pod install' or update your CocoaPods installation.\" >&2\n    exit 1\nfi\n# This output is used by Xcode 'outputs' to avoid re-running this script phase.\necho \"SUCCESS\" > \"${SCRIPT_OUTPUT_FILE_0}\"\n";
			showEnvVarsInLog = 0;
		};
		DC3E2238A3A5D28506FF9CAF /* [CP] Embed Pods Frameworks */ = {
			isa = PBXShellScriptBuildPhase;
			buildActionMask = 2147483647;
			files = (
			);
			inputFileListPaths = (
				"${PODS_ROOT}/Target Support Files/Pods-ImageGalleryAppTests/Pods-ImageGalleryAppTests-frameworks-${CONFIGURATION}-input-files.xcfilelist",
			);
			name = "[CP] Embed Pods Frameworks";
			outputFileListPaths = (
				"${PODS_ROOT}/Target Support Files/Pods-ImageGalleryAppTests/Pods-ImageGalleryAppTests-frameworks-${CONFIGURATION}-output-files.xcfilelist",
			);
			runOnlyForDeploymentPostprocessing = 0;
			shellPath = /bin/sh;
			shellScript = "\"${PODS_ROOT}/Target Support Files/Pods-ImageGalleryAppTests/Pods-ImageGalleryAppTests-frameworks.sh\"\n";
			showEnvVarsInLog = 0;
		};
		ED520B9AB3CEE2A75B5B0E10 /* [CP] Check Pods Manifest.lock */ = {
			isa = PBXShellScriptBuildPhase;
			buildActionMask = 2147483647;
			files = (
			);
			inputFileListPaths = (
			);
			inputPaths = (
				"${PODS_PODFILE_DIR_PATH}/Podfile.lock",
				"${PODS_ROOT}/Manifest.lock",
			);
			name = "[CP] Check Pods Manifest.lock";
			outputFileListPaths = (
			);
			outputPaths = (
				"$(DERIVED_FILE_DIR)/Pods-ImageGalleryApp-checkManifestLockResult.txt",
			);
			runOnlyForDeploymentPostprocessing = 0;
			shellPath = /bin/sh;
			shellScript = "diff \"${PODS_PODFILE_DIR_PATH}/Podfile.lock\" \"${PODS_ROOT}/Manifest.lock\" > /dev/null\nif [ $? != 0 ] ; then\n    # print error to STDERR\n    echo \"error: The sandbox is not in sync with the Podfile.lock. Run 'pod install' or update your CocoaPods installation.\" >&2\n    exit 1\nfi\n# This output is used by Xcode 'outputs' to avoid re-running this script phase.\necho \"SUCCESS\" > \"${SCRIPT_OUTPUT_FILE_0}\"\n";
			showEnvVarsInLog = 0;
		};
		FCD609AB97AA829AA013EDA5 /* [CP] Check Pods Manifest.lock */ = {
			isa = PBXShellScriptBuildPhase;
			buildActionMask = 2147483647;
			files = (
			);
			inputFileListPaths = (
			);
			inputPaths = (
				"${PODS_PODFILE_DIR_PATH}/Podfile.lock",
				"${PODS_ROOT}/Manifest.lock",
			);
			name = "[CP] Check Pods Manifest.lock";
			outputFileListPaths = (
			);
			outputPaths = (
				"$(DERIVED_FILE_DIR)/Pods-ImageGalleryApp-ImageGalleryAppUITests-checkManifestLockResult.txt",
			);
			runOnlyForDeploymentPostprocessing = 0;
			shellPath = /bin/sh;
			shellScript = "diff \"${PODS_PODFILE_DIR_PATH}/Podfile.lock\" \"${PODS_ROOT}/Manifest.lock\" > /dev/null\nif [ $? != 0 ] ; then\n    # print error to STDERR\n    echo \"error: The sandbox is not in sync with the Podfile.lock. Run 'pod install' or update your CocoaPods installation.\" >&2\n    exit 1\nfi\n# This output is used by Xcode 'outputs' to avoid re-running this script phase.\necho \"SUCCESS\" > \"${SCRIPT_OUTPUT_FILE_0}\"\n";
			showEnvVarsInLog = 0;
		};
/* End PBXShellScriptBuildPhase section */

/* Begin PBXSourcesBuildPhase section */
		52E631BE2CC628A5008CCD87 /* Sources */ = {
			isa = PBXSourcesBuildPhase;
			buildActionMask = 2147483647;
			files = (
				52E632452CC63CB5008CCD87 /* ImageModel.swift in Sources */,
				52E632462CC63CB5008CCD87 /* NetworkManager.swift in Sources */,
				52E632472CC63CB5008CCD87 /* CustomButton.swift in Sources */,
				52E632482CC63CB5008CCD87 /* CustomTextField.swift in Sources */,
				52E632492CC63CB5008CCD87 /* ImageCollectionViewCell.swift in Sources */,
				52E6324A2CC63CB5008CCD87 /* ImageGalleryViewController.swift in Sources */,
				52E6324B2CC63CB5008CCD87 /* ImageGalleryViewModel.swift in Sources */,
				52E6324C2CC63CB5008CCD87 /* AppDelegate.swift in Sources */,
				52E6324D2CC63CB5008CCD87 /* SceneDelegate.swift in Sources */,
				52E6324E2CC63CB5008CCD87 /* ViewController.swift in Sources */,
			);
			runOnlyForDeploymentPostprocessing = 0;
		};
		52E631D42CC628A8008CCD87 /* Sources */ = {
			isa = PBXSourcesBuildPhase;
			buildActionMask = 2147483647;
			files = (
			);
			runOnlyForDeploymentPostprocessing = 0;
		};
		52E631DE2CC628A8008CCD87 /* Sources */ = {
			isa = PBXSourcesBuildPhase;
			buildActionMask = 2147483647;
			files = (
			);
			runOnlyForDeploymentPostprocessing = 0;
		};
/* End PBXSourcesBuildPhase section */

/* Begin PBXTargetDependency section */
		52E631DA2CC628A8008CCD87 /* PBXTargetDependency */ = {
			isa = PBXTargetDependency;
			target = 52E631C12CC628A5008CCD87 /* ImageGalleryApp */;
			targetProxy = 52E631D92CC628A8008CCD87 /* PBXContainerItemProxy */;
		};
		52E631E42CC628A8008CCD87 /* PBXTargetDependency */ = {
			isa = PBXTargetDependency;
			target = 52E631C12CC628A5008CCD87 /* ImageGalleryApp */;
			targetProxy = 52E631E32CC628A8008CCD87 /* PBXContainerItemProxy */;
		};
/* End PBXTargetDependency section */

/* Begin PBXVariantGroup section */
		52E6323F2CC63CB5008CCD87 /* LaunchScreen.storyboard */ = {
			isa = PBXVariantGroup;
			children = (
				52E6323E2CC63CB5008CCD87 /* Base */,
			);
			name = LaunchScreen.storyboard;
			sourceTree = "<group>";
		};
		52E632412CC63CB5008CCD87 /* Main.storyboard */ = {
			isa = PBXVariantGroup;
			children = (
				52E632402CC63CB5008CCD87 /* Base */,
			);
			name = Main.storyboard;
			sourceTree = "<group>";
		};
/* End PBXVariantGroup section */

/* Begin XCBuildConfiguration section */
		52E631EC2CC628A8008CCD87 /* Debug */ = {
			isa = XCBuildConfiguration;
			baseConfigurationReference = 9C33964CB862341D1CBD950A /* Pods-ImageGalleryApp.debug.xcconfig */;
			buildSettings = {
				ASSETCATALOG_COMPILER_APPICON_NAME = AppIcon;
				ASSETCATALOG_COMPILER_GLOBAL_ACCENT_COLOR_NAME = AccentColor;
				CODE_SIGN_STYLE = Automatic;
				CURRENT_PROJECT_VERSION = 1;
				DEVELOPMENT_TEAM = M3Y2T37UTC;
				ENABLE_USER_SCRIPT_SANDBOXING = NO;
				GENERATE_INFOPLIST_FILE = YES;
				INFOPLIST_FILE = ImageGalleryApp/Info.plist;
				INFOPLIST_KEY_UIApplicationSupportsIndirectInputEvents = YES;
				INFOPLIST_KEY_UILaunchStoryboardName = LaunchScreen;
				INFOPLIST_KEY_UIMainStoryboardFile = Main;
				INFOPLIST_KEY_UISupportedInterfaceOrientations_iPad = "UIInterfaceOrientationPortrait UIInterfaceOrientationPortraitUpsideDown UIInterfaceOrientationLandscapeLeft UIInterfaceOrientationLandscapeRight";
				INFOPLIST_KEY_UISupportedInterfaceOrientations_iPhone = "UIInterfaceOrientationPortrait UIInterfaceOrientationLandscapeLeft UIInterfaceOrientationLandscapeRight";
				LD_RUNPATH_SEARCH_PATHS = (
					"$(inherited)",
					"@executable_path/Frameworks",
				);
				MARKETING_VERSION = 1.0;
				PRODUCT_BUNDLE_IDENTIFIER = com.org.ImageGalleryApp;
				PRODUCT_NAME = "$(TARGET_NAME)";
				SWIFT_EMIT_LOC_STRINGS = YES;
				SWIFT_VERSION = 5.0;
				TARGETED_DEVICE_FAMILY = "1,2";
			};
			name = Debug;
		};
		52E631ED2CC628A8008CCD87 /* Release */ = {
			isa = XCBuildConfiguration;
			baseConfigurationReference = F594670F5C4284D5402394FC /* Pods-ImageGalleryApp.release.xcconfig */;
			buildSettings = {
				ASSETCATALOG_COMPILER_APPICON_NAME = AppIcon;
				ASSETCATALOG_COMPILER_GLOBAL_ACCENT_COLOR_NAME = AccentColor;
				CODE_SIGN_STYLE = Automatic;
				CURRENT_PROJECT_VERSION = 1;
				DEVELOPMENT_TEAM = M3Y2T37UTC;
				ENABLE_USER_SCRIPT_SANDBOXING = NO;
				GENERATE_INFOPLIST_FILE = YES;
				INFOPLIST_FILE = ImageGalleryApp/Info.plist;
				INFOPLIST_KEY_UIApplicationSupportsIndirectInputEvents = YES;
				INFOPLIST_KEY_UILaunchStoryboardName = LaunchScreen;
				INFOPLIST_KEY_UIMainStoryboardFile = Main;
				INFOPLIST_KEY_UISupportedInterfaceOrientations_iPad = "UIInterfaceOrientationPortrait UIInterfaceOrientationPortraitUpsideDown UIInterfaceOrientationLandscapeLeft UIInterfaceOrientationLandscapeRight";
				INFOPLIST_KEY_UISupportedInterfaceOrientations_iPhone = "UIInterfaceOrientationPortrait UIInterfaceOrientationLandscapeLeft UIInterfaceOrientationLandscapeRight";
				LD_RUNPATH_SEARCH_PATHS = (
					"$(inherited)",
					"@executable_path/Frameworks",
				);
				MARKETING_VERSION = 1.0;
				PRODUCT_BUNDLE_IDENTIFIER = com.org.ImageGalleryApp;
				PRODUCT_NAME = "$(TARGET_NAME)";
				SWIFT_EMIT_LOC_STRINGS = YES;
				SWIFT_VERSION = 5.0;
				TARGETED_DEVICE_FAMILY = "1,2";
			};
			name = Release;
		};
		52E631EE2CC628A8008CCD87 /* Debug */ = {
			isa = XCBuildConfiguration;
			buildSettings = {
				ALWAYS_SEARCH_USER_PATHS = NO;
				ASSETCATALOG_COMPILER_GENERATE_SWIFT_ASSET_SYMBOL_EXTENSIONS = YES;
				CLANG_ANALYZER_NONNULL = YES;
				CLANG_ANALYZER_NUMBER_OBJECT_CONVERSION = YES_AGGRESSIVE;
				CLANG_CXX_LANGUAGE_STANDARD = "gnu++20";
				CLANG_ENABLE_MODULES = YES;
				CLANG_ENABLE_OBJC_ARC = YES;
				CLANG_ENABLE_OBJC_WEAK = YES;
				CLANG_WARN_BLOCK_CAPTURE_AUTORELEASING = YES;
				CLANG_WARN_BOOL_CONVERSION = YES;
				CLANG_WARN_COMMA = YES;
				CLANG_WARN_CONSTANT_CONVERSION = YES;
				CLANG_WARN_DEPRECATED_OBJC_IMPLEMENTATIONS = YES;
				CLANG_WARN_DIRECT_OBJC_ISA_USAGE = YES_ERROR;
				CLANG_WARN_DOCUMENTATION_COMMENTS = YES;
				CLANG_WARN_EMPTY_BODY = YES;
				CLANG_WARN_ENUM_CONVERSION = YES;
				CLANG_WARN_INFINITE_RECURSION = YES;
				CLANG_WARN_INT_CONVERSION = YES;
				CLANG_WARN_NON_LITERAL_NULL_CONVERSION = YES;
				CLANG_WARN_OBJC_IMPLICIT_RETAIN_SELF = YES;
				CLANG_WARN_OBJC_LITERAL_CONVERSION = YES;
				CLANG_WARN_OBJC_ROOT_CLASS = YES_ERROR;
				CLANG_WARN_QUOTED_INCLUDE_IN_FRAMEWORK_HEADER = YES;
				CLANG_WARN_RANGE_LOOP_ANALYSIS = YES;
				CLANG_WARN_STRICT_PROTOTYPES = YES;
				CLANG_WARN_SUSPICIOUS_MOVE = YES;
				CLANG_WARN_UNGUARDED_AVAILABILITY = YES_AGGRESSIVE;
				CLANG_WARN_UNREACHABLE_CODE = YES;
				CLANG_WARN__DUPLICATE_METHOD_MATCH = YES;
				COPY_PHASE_STRIP = NO;
				DEBUG_INFORMATION_FORMAT = dwarf;
				ENABLE_STRICT_OBJC_MSGSEND = YES;
				ENABLE_TESTABILITY = YES;
				ENABLE_USER_SCRIPT_SANDBOXING = NO;
				GCC_C_LANGUAGE_STANDARD = gnu17;
				GCC_DYNAMIC_NO_PIC = NO;
				GCC_NO_COMMON_BLOCKS = YES;
				GCC_OPTIMIZATION_LEVEL = 0;
				GCC_PREPROCESSOR_DEFINITIONS = (
					"DEBUG=1",
					"$(inherited)",
				);
				GCC_WARN_64_TO_32_BIT_CONVERSION = YES;
				GCC_WARN_ABOUT_RETURN_TYPE = YES_ERROR;
				GCC_WARN_UNDECLARED_SELECTOR = YES;
				GCC_WARN_UNINITIALIZED_AUTOS = YES_AGGRESSIVE;
				GCC_WARN_UNUSED_FUNCTION = YES;
				GCC_WARN_UNUSED_VARIABLE = YES;
				IPHONEOS_DEPLOYMENT_TARGET = 18.0;
				LOCALIZATION_PREFERS_STRING_CATALOGS = YES;
				MTL_ENABLE_DEBUG_INFO = INCLUDE_SOURCE;
				MTL_FAST_MATH = YES;
				ONLY_ACTIVE_ARCH = YES;
				SDKROOT = iphoneos;
				SWIFT_ACTIVE_COMPILATION_CONDITIONS = "DEBUG $(inherited)";
				SWIFT_OPTIMIZATION_LEVEL = "-Onone";
			};
			name = Debug;
		};
		52E631EF2CC628A8008CCD87 /* Release */ = {
			isa = XCBuildConfiguration;
			buildSettings = {
				ALWAYS_SEARCH_USER_PATHS = NO;
				ASSETCATALOG_COMPILER_GENERATE_SWIFT_ASSET_SYMBOL_EXTENSIONS = YES;
				CLANG_ANALYZER_NONNULL = YES;
				CLANG_ANALYZER_NUMBER_OBJECT_CONVERSION = YES_AGGRESSIVE;
				CLANG_CXX_LANGUAGE_STANDARD = "gnu++20";
				CLANG_ENABLE_MODULES = YES;
				CLANG_ENABLE_OBJC_ARC = YES;
				CLANG_ENABLE_OBJC_WEAK = YES;
				CLANG_WARN_BLOCK_CAPTURE_AUTORELEASING = YES;
				CLANG_WARN_BOOL_CONVERSION = YES;
				CLANG_WARN_COMMA = YES;
				CLANG_WARN_CONSTANT_CONVERSION = YES;
				CLANG_WARN_DEPRECATED_OBJC_IMPLEMENTATIONS = YES;
				CLANG_WARN_DIRECT_OBJC_ISA_USAGE = YES_ERROR;
				CLANG_WARN_DOCUMENTATION_COMMENTS = YES;
				CLANG_WARN_EMPTY_BODY = YES;
				CLANG_WARN_ENUM_CONVERSION = YES;
				CLANG_WARN_INFINITE_RECURSION = YES;
				CLANG_WARN_INT_CONVERSION = YES;
				CLANG_WARN_NON_LITERAL_NULL_CONVERSION = YES;
				CLANG_WARN_OBJC_IMPLICIT_RETAIN_SELF = YES;
				CLANG_WARN_OBJC_LITERAL_CONVERSION = YES;
				CLANG_WARN_OBJC_ROOT_CLASS = YES_ERROR;
				CLANG_WARN_QUOTED_INCLUDE_IN_FRAMEWORK_HEADER = YES;
				CLANG_WARN_RANGE_LOOP_ANALYSIS = YES;
				CLANG_WARN_STRICT_PROTOTYPES = YES;
				CLANG_WARN_SUSPICIOUS_MOVE = YES;
				CLANG_WARN_UNGUARDED_AVAILABILITY = YES_AGGRESSIVE;
				CLANG_WARN_UNREACHABLE_CODE = YES;
				CLANG_WARN__DUPLICATE_METHOD_MATCH = YES;
				COPY_PHASE_STRIP = NO;
				DEBUG_INFORMATION_FORMAT = "dwarf-with-dsym";
				ENABLE_NS_ASSERTIONS = NO;
				ENABLE_STRICT_OBJC_MSGSEND = YES;
				ENABLE_USER_SCRIPT_SANDBOXING = NO;
				GCC_C_LANGUAGE_STANDARD = gnu17;
				GCC_NO_COMMON_BLOCKS = YES;
				GCC_WARN_64_TO_32_BIT_CONVERSION = YES;
				GCC_WARN_ABOUT_RETURN_TYPE = YES_ERROR;
				GCC_WARN_UNDECLARED_SELECTOR = YES;
				GCC_WARN_UNINITIALIZED_AUTOS = YES_AGGRESSIVE;
				GCC_WARN_UNUSED_FUNCTION = YES;
				GCC_WARN_UNUSED_VARIABLE = YES;
				IPHONEOS_DEPLOYMENT_TARGET = 18.0;
				LOCALIZATION_PREFERS_STRING_CATALOGS = YES;
				MTL_ENABLE_DEBUG_INFO = NO;
				MTL_FAST_MATH = YES;
				SDKROOT = iphoneos;
				SWIFT_COMPILATION_MODE = wholemodule;
				VALIDATE_PRODUCT = YES;
			};
			name = Release;
		};
		52E631F12CC628A8008CCD87 /* Debug */ = {
			isa = XCBuildConfiguration;
			baseConfigurationReference = D1C081E575587BA085C15B7E /* Pods-ImageGalleryAppTests.debug.xcconfig */;
			buildSettings = {
				BUNDLE_LOADER = "$(TEST_HOST)";
				CODE_SIGN_STYLE = Automatic;
				CURRENT_PROJECT_VERSION = 1;
				ENABLE_USER_SCRIPT_SANDBOXING = NO;
				GENERATE_INFOPLIST_FILE = YES;
				IPHONEOS_DEPLOYMENT_TARGET = 18.0;
				MARKETING_VERSION = 1.0;
				PRODUCT_BUNDLE_IDENTIFIER = com.org.ImageGalleryAppTests;
				PRODUCT_NAME = "$(TARGET_NAME)";
				SWIFT_EMIT_LOC_STRINGS = NO;
				SWIFT_VERSION = 5.0;
				TARGETED_DEVICE_FAMILY = "1,2";
				TEST_HOST = "$(BUILT_PRODUCTS_DIR)/ImageGalleryApp.app/$(BUNDLE_EXECUTABLE_FOLDER_PATH)/ImageGalleryApp";
			};
			name = Debug;
		};
		52E631F22CC628A8008CCD87 /* Release */ = {
			isa = XCBuildConfiguration;
			baseConfigurationReference = 200184D285942DEF59D81D48 /* Pods-ImageGalleryAppTests.release.xcconfig */;
			buildSettings = {
				BUNDLE_LOADER = "$(TEST_HOST)";
				CODE_SIGN_STYLE = Automatic;
				CURRENT_PROJECT_VERSION = 1;
				ENABLE_USER_SCRIPT_SANDBOXING = NO;
				GENERATE_INFOPLIST_FILE = YES;
				IPHONEOS_DEPLOYMENT_TARGET = 18.0;
				MARKETING_VERSION = 1.0;
				PRODUCT_BUNDLE_IDENTIFIER = com.org.ImageGalleryAppTests;
				PRODUCT_NAME = "$(TARGET_NAME)";
				SWIFT_EMIT_LOC_STRINGS = NO;
				SWIFT_VERSION = 5.0;
				TARGETED_DEVICE_FAMILY = "1,2";
				TEST_HOST = "$(BUILT_PRODUCTS_DIR)/ImageGalleryApp.app/$(BUNDLE_EXECUTABLE_FOLDER_PATH)/ImageGalleryApp";
			};
			name = Release;
		};
		52E631F42CC628A8008CCD87 /* Debug */ = {
			isa = XCBuildConfiguration;
			baseConfigurationReference = 18D8EEF6072538F2D108E29A /* Pods-ImageGalleryApp-ImageGalleryAppUITests.debug.xcconfig */;
			buildSettings = {
				CODE_SIGN_STYLE = Automatic;
				CURRENT_PROJECT_VERSION = 1;
				ENABLE_USER_SCRIPT_SANDBOXING = NO;
				GENERATE_INFOPLIST_FILE = YES;
				MARKETING_VERSION = 1.0;
				PRODUCT_BUNDLE_IDENTIFIER = com.org.ImageGalleryAppUITests;
				PRODUCT_NAME = "$(TARGET_NAME)";
				SWIFT_EMIT_LOC_STRINGS = NO;
				SWIFT_VERSION = 5.0;
				TARGETED_DEVICE_FAMILY = "1,2";
				TEST_TARGET_NAME = ImageGalleryApp;
			};
			name = Debug;
		};
		52E631F52CC628A8008CCD87 /* Release */ = {
			isa = XCBuildConfiguration;
			baseConfigurationReference = 8EB8DBED88CB83FFCE61A2B3 /* Pods-ImageGalleryApp-ImageGalleryAppUITests.release.xcconfig */;
			buildSettings = {
				CODE_SIGN_STYLE = Automatic;
				CURRENT_PROJECT_VERSION = 1;
				ENABLE_USER_SCRIPT_SANDBOXING = NO;
				GENERATE_INFOPLIST_FILE = YES;
				MARKETING_VERSION = 1.0;
				PRODUCT_BUNDLE_IDENTIFIER = com.org.ImageGalleryAppUITests;
				PRODUCT_NAME = "$(TARGET_NAME)";
				SWIFT_EMIT_LOC_STRINGS = NO;
				SWIFT_VERSION = 5.0;
				TARGETED_DEVICE_FAMILY = "1,2";
				TEST_TARGET_NAME = ImageGalleryApp;
			};
			name = Release;
		};
/* End XCBuildConfiguration section */

/* Begin XCConfigurationList section */
		52E631BD2CC628A5008CCD87 /* Build configuration list for PBXProject "ImageGalleryApp" */ = {
			isa = XCConfigurationList;
			buildConfigurations = (
				52E631EE2CC628A8008CCD87 /* Debug */,
				52E631EF2CC628A8008CCD87 /* Release */,
			);
			defaultConfigurationIsVisible = 0;
			defaultConfigurationName = Release;
		};
		52E631EB2CC628A8008CCD87 /* Build configuration list for PBXNativeTarget "ImageGalleryApp" */ = {
			isa = XCConfigurationList;
			buildConfigurations = (
				52E631EC2CC628A8008CCD87 /* Debug */,
				52E631ED2CC628A8008CCD87 /* Release */,
			);
			defaultConfigurationIsVisible = 0;
			defaultConfigurationName = Release;
		};
		52E631F02CC628A8008CCD87 /* Build configuration list for PBXNativeTarget "ImageGalleryAppTests" */ = {
			isa = XCConfigurationList;
			buildConfigurations = (
				52E631F12CC628A8008CCD87 /* Debug */,
				52E631F22CC628A8008CCD87 /* Release */,
			);
			defaultConfigurationIsVisible = 0;
			defaultConfigurationName = Release;
		};
		52E631F32CC628A8008CCD87 /* Build configuration list for PBXNativeTarget "ImageGalleryAppUITests" */ = {
			isa = XCConfigurationList;
			buildConfigurations = (
				52E631F42CC628A8008CCD87 /* Debug */,
				52E631F52CC628A8008CCD87 /* Release */,
			);
			defaultConfigurationIsVisible = 0;
			defaultConfigurationName = Release;
		};
/* End XCConfigurationList section */
	};
	rootObject = 52E631BA2CC628A5008CCD87 /* Project object */;
}
